
Microsoft Visual Studio Solution File, Format Version 12.00
# Visual Studio Version 17
VisualStudioVersion = 17.1.32421.90
MinimumVisualStudioVersion = 10.0.40219.1
Project("{FAE04EC0-301F-11D3-BF4B-00C04F79EFBC}") = "jwtWebApiTutorial", "jwtWebApiTutorial\jwtWebApiTutorial.csproj", "{05521983-3CA7-4BFB-9A4E-9BB2E0046681}"
EndProject
Global
	GlobalSection(SolutionConfigurationPlatforms) = preSolution
		Debug|Any CPU = Debug|Any CPU
		Release|Any CPU = Release|Any CPU
	EndGlobalSection
	GlobalSection(ProjectConfigurationPlatforms) = postSolution
		{05521983-3CA7-4BFB-9A4E-9BB2E0046681}.Debug|Any CPU.ActiveCfg = Debug|Any CPU
		{05521983-3CA7-4BFB-9A4E-9BB2E0046681}.Debug|Any CPU.Build.0 = Debug|Any CPU
		{05521983-3CA7-4BFB-9A4E-9BB2E0046681}.Release|Any CPU.ActiveCfg = Release|Any CPU
		{05521983-3CA7-4BFB-9A4E-9BB2E0046681}.Release|Any CPU.Build.0 = Release|Any CPU
	EndGlobalSection
	GlobalSection(SolutionProperties) = preSolution
		HideSolutionNode = FALSE
	EndGlobalSection
	GlobalSection(ExtensibilityGlobals) = postSolution
		SolutionGuid = {39BBF6C4-3ADD-4B39-9258-0901EDBA1AAB}
	EndGlobalSection
EndGlobal
